
Microsoft Visual Studio Solution File, Format Version 12.00
# Visual Studio Version 17
VisualStudioVersion = 17.14.36109.1 d17.14
MinimumVisualStudioVersion = 10.0.40219.1
Project("{FAE04EC0-301F-11D3-BF4B-00C04F79EFBC}") = "ConsoleApp2", "ConsoleApp2.csproj", "{DE293889-F149-44AF-9E7B-864FB7B75C69}"
EndProject
Global
	GlobalSection(SolutionConfigurationPlatforms) = preSolution
		Debug|Any CPU = Debug|Any CPU
		Release|Any CPU = Release|Any CPU
	EndGlobalSection
	GlobalSection(ProjectConfigurationPlatforms) = postSolution
		{DE293889-F149-44AF-9E7B-864FB7B75C69}.Debug|Any CPU.ActiveCfg = Debug|Any CPU
		{DE293889-F149-44AF-9E7B-864FB7B75C69}.Debug|Any CPU.Build.0 = Debug|Any CPU
		{DE293889-F149-44AF-9E7B-864FB7B75C69}.Release|Any CPU.ActiveCfg = Release|Any CPU
		{DE293889-F149-44AF-9E7B-864FB7B75C69}.Release|Any CPU.Build.0 = Release|Any CPU
	EndGlobalSection
	GlobalSection(SolutionProperties) = preSolution
		HideSolutionNode = FALSE
	EndGlobalSection
	GlobalSection(ExtensibilityGlobals) = postSolution
		SolutionGuid = {19F3F13E-DC7E-44F0-AD2D-89AE3109E262}
	EndGlobalSection
EndGlobal
