
Microsoft Visual Studio Solution File, Format Version 12.00
# Visual Studio Version 17
VisualStudioVersion = 17.14.36221.1 d17.14
MinimumVisualStudioVersion = 10.0.40219.1
Project("{FAE04EC0-301F-11D3-BF4B-00C04F79EFBC}") = "LAB12_FINAL", "LAB12_FINAL.csproj", "{435772D3-C112-4E4C-8727-4B601B8685B3}"
EndProject
Global
	GlobalSection(SolutionConfigurationPlatforms) = preSolution
		Debug|Any CPU = Debug|Any CPU
		Release|Any CPU = Release|Any CPU
	EndGlobalSection
	GlobalSection(ProjectConfigurationPlatforms) = postSolution
		{435772D3-C112-4E4C-8727-4B601B8685B3}.Debug|Any CPU.ActiveCfg = Debug|Any CPU
		{435772D3-C112-4E4C-8727-4B601B8685B3}.Debug|Any CPU.Build.0 = Debug|Any CPU
		{435772D3-C112-4E4C-8727-4B601B8685B3}.Release|Any CPU.ActiveCfg = Release|Any CPU
		{435772D3-C112-4E4C-8727-4B601B8685B3}.Release|Any CPU.Build.0 = Release|Any CPU
	EndGlobalSection
	GlobalSection(SolutionProperties) = preSolution
		HideSolutionNode = FALSE
	EndGlobalSection
	GlobalSection(ExtensibilityGlobals) = postSolution
		SolutionGuid = {5C4CF104-0724-4FD2-B572-23927714A003}
	EndGlobalSection
EndGlobal
